
Microsoft Visual Studio Solution File, Format Version 12.00
# Visual Studio Version 16
VisualStudioVersion = 16.0.29215.179
MinimumVisualStudioVersion = 10.0.40219.1
Project("{FAE04EC0-301F-11D3-BF4B-00C04F79EFBC}") = "PalletMaster", "ChaPalle\PalletMaster.csproj", "{DEBEDE48-6D34-430D-BD79-BA263B1BA9CE}"
EndProject
Project("{FAE04EC0-301F-11D3-BF4B-00C04F79EFBC}") = "PalletMaster.Test", "PalletMaster.Test\PalletMaster.Test.csproj", "{C305D9F3-54E5-46B8-86CD-9B361F453C01}"
EndProject
Global
	GlobalSection(SolutionConfigurationPlatforms) = preSolution
		Debug|Any CPU = Debug|Any CPU
		Release|Any CPU = Release|Any CPU
	EndGlobalSection
	GlobalSection(ProjectConfigurationPlatforms) = postSolution
		{DEBEDE48-6D34-430D-BD79-BA263B1BA9CE}.Debug|Any CPU.ActiveCfg = Debug|Any CPU
		{DEBEDE48-6D34-430D-BD79-BA263B1BA9CE}.Debug|Any CPU.Build.0 = Debug|Any CPU
		{DEBEDE48-6D34-430D-BD79-BA263B1BA9CE}.Release|Any CPU.ActiveCfg = Release|Any CPU
		{DEBEDE48-6D34-430D-BD79-BA263B1BA9CE}.Release|Any CPU.Build.0 = Release|Any CPU
		{C305D9F3-54E5-46B8-86CD-9B361F453C01}.Debug|Any CPU.ActiveCfg = Debug|Any CPU
		{C305D9F3-54E5-46B8-86CD-9B361F453C01}.Debug|Any CPU.Build.0 = Debug|Any CPU
		{C305D9F3-54E5-46B8-86CD-9B361F453C01}.Release|Any CPU.ActiveCfg = Release|Any CPU
		{C305D9F3-54E5-46B8-86CD-9B361F453C01}.Release|Any CPU.Build.0 = Release|Any CPU
	EndGlobalSection
	GlobalSection(SolutionProperties) = preSolution
		HideSolutionNode = FALSE
	EndGlobalSection
	GlobalSection(ExtensibilityGlobals) = postSolution
		SolutionGuid = {A20A8A4D-E797-498F-8869-F94CD6C397C1}
	EndGlobalSection
EndGlobal
